
Microsoft Visual Studio Solution File, Format Version 12.00
# Visual Studio Version 17
VisualStudioVersion = 17.8.34330.188
MinimumVisualStudioVersion = 10.0.40219.1
Project("{FAE04EC0-301F-11D3-BF4B-00C04F79EFBC}") = "PRUEBA_AZ", "PRUEBA_AZ\PRUEBA_AZ.csproj", "{770146B0-C4ED-4B58-9235-A13B0664EECF}"
EndProject
Global
	GlobalSection(SolutionConfigurationPlatforms) = preSolution
		Debug|Any CPU = Debug|Any CPU
		Release|Any CPU = Release|Any CPU
	EndGlobalSection
	GlobalSection(ProjectConfigurationPlatforms) = postSolution
		{770146B0-C4ED-4B58-9235-A13B0664EECF}.Debug|Any CPU.ActiveCfg = Debug|Any CPU
		{770146B0-C4ED-4B58-9235-A13B0664EECF}.Debug|Any CPU.Build.0 = Debug|Any CPU
		{770146B0-C4ED-4B58-9235-A13B0664EECF}.Release|Any CPU.ActiveCfg = Release|Any CPU
		{770146B0-C4ED-4B58-9235-A13B0664EECF}.Release|Any CPU.Build.0 = Release|Any CPU
	EndGlobalSection
	GlobalSection(SolutionProperties) = preSolution
		HideSolutionNode = FALSE
	EndGlobalSection
	GlobalSection(ExtensibilityGlobals) = postSolution
		SolutionGuid = {94971E0A-5AA9-4975-9CBA-C6ECD2F17311}
	EndGlobalSection
EndGlobal
